
Microsoft Visual Studio Solution File, Format Version 12.00
# Visual Studio 15
VisualStudioVersion = 15.0.28307.779
MinimumVisualStudioVersion = 10.0.40219.1
Project("{FAE04EC0-301F-11D3-BF4B-00C04F79EFBC}") = "REAM.ApiSeender", "REAM.ApiSeender\REAM.ApiSeender.csproj", "{159C874D-FA00-4A1F-9E58-FB07C8B971D0}"
EndProject
Global
	GlobalSection(SolutionConfigurationPlatforms) = preSolution
		Debug|Any CPU = Debug|Any CPU
		Release|Any CPU = Release|Any CPU
	EndGlobalSection
	GlobalSection(ProjectConfigurationPlatforms) = postSolution
		{159C874D-FA00-4A1F-9E58-FB07C8B971D0}.Debug|Any CPU.ActiveCfg = Debug|Any CPU
		{159C874D-FA00-4A1F-9E58-FB07C8B971D0}.Debug|Any CPU.Build.0 = Debug|Any CPU
		{159C874D-FA00-4A1F-9E58-FB07C8B971D0}.Release|Any CPU.ActiveCfg = Release|Any CPU
		{159C874D-FA00-4A1F-9E58-FB07C8B971D0}.Release|Any CPU.Build.0 = Release|Any CPU
	EndGlobalSection
	GlobalSection(SolutionProperties) = preSolution
		HideSolutionNode = FALSE
	EndGlobalSection
	GlobalSection(ExtensibilityGlobals) = postSolution
		SolutionGuid = {005A479D-4AEF-469E-AC59-96E026F0550D}
	EndGlobalSection
EndGlobal
